
Microsoft Visual Studio Solution File, Format Version 12.00
# Visual Studio 2012
Project("{FAE04EC0-301F-11D3-BF4B-00C04F79EFBC}") = "Pechkin", "Pechkin\Pechkin.csproj", "{023DF833-B252-48B3-B6AF-DBBB13E39B13}"
EndProject
Project("{FAE04EC0-301F-11D3-BF4B-00C04F79EFBC}") = "PechkinTestApp", "PechkinTestApp\PechkinTestApp.csproj", "{35E72E2C-DE58-4ED7-9B47-5EF13860AF42}"
EndProject
Project("{FAE04EC0-301F-11D3-BF4B-00C04F79EFBC}") = "PechkinTests", "PechkinTests\PechkinTests.csproj", "{D58769FA-E008-4016-A81C-A85C606B3691}"
EndProject
Global
	GlobalSection(SolutionConfigurationPlatforms) = preSolution
		Debug|Any CPU = Debug|Any CPU
		Debug|x64 = Debug|x64
		Debug|x86 = Debug|x86
		Release|Any CPU = Release|Any CPU
		Release|x64 = Release|x64
		Release|x86 = Release|x86
	EndGlobalSection
	GlobalSection(ProjectConfigurationPlatforms) = postSolution
		{023DF833-B252-48B3-B6AF-DBBB13E39B13}.Debug|Any CPU.ActiveCfg = Debug|Any CPU
		{023DF833-B252-48B3-B6AF-DBBB13E39B13}.Debug|Any CPU.Build.0 = Debug|Any CPU
		{023DF833-B252-48B3-B6AF-DBBB13E39B13}.Debug|x64.ActiveCfg = Debug|Any CPU
		{023DF833-B252-48B3-B6AF-DBBB13E39B13}.Debug|x64.Build.0 = Debug|Any CPU
		{023DF833-B252-48B3-B6AF-DBBB13E39B13}.Debug|x86.ActiveCfg = Debug|Any CPU
		{023DF833-B252-48B3-B6AF-DBBB13E39B13}.Debug|x86.Build.0 = Debug|Any CPU
		{023DF833-B252-48B3-B6AF-DBBB13E39B13}.Release|Any CPU.ActiveCfg = Release|Any CPU
		{023DF833-B252-48B3-B6AF-DBBB13E39B13}.Release|Any CPU.Build.0 = Release|Any CPU
		{023DF833-B252-48B3-B6AF-DBBB13E39B13}.Release|x64.ActiveCfg = Release|Any CPU
		{023DF833-B252-48B3-B6AF-DBBB13E39B13}.Release|x64.Build.0 = Release|Any CPU
		{023DF833-B252-48B3-B6AF-DBBB13E39B13}.Release|x86.ActiveCfg = Release|x86
		{023DF833-B252-48B3-B6AF-DBBB13E39B13}.Release|x86.Build.0 = Release|x86
		{35E72E2C-DE58-4ED7-9B47-5EF13860AF42}.Debug|Any CPU.ActiveCfg = Debug|Any CPU
		{35E72E2C-DE58-4ED7-9B47-5EF13860AF42}.Debug|Any CPU.Build.0 = Debug|Any CPU
		{35E72E2C-DE58-4ED7-9B47-5EF13860AF42}.Debug|x64.ActiveCfg = Debug|Any CPU
		{35E72E2C-DE58-4ED7-9B47-5EF13860AF42}.Debug|x64.Build.0 = Debug|Any CPU
		{35E72E2C-DE58-4ED7-9B47-5EF13860AF42}.Debug|x86.ActiveCfg = Debug|Any CPU
		{35E72E2C-DE58-4ED7-9B47-5EF13860AF42}.Debug|x86.Build.0 = Debug|Any CPU
		{35E72E2C-DE58-4ED7-9B47-5EF13860AF42}.Release|Any CPU.ActiveCfg = Release|Any CPU
		{35E72E2C-DE58-4ED7-9B47-5EF13860AF42}.Release|Any CPU.Build.0 = Release|Any CPU
		{35E72E2C-DE58-4ED7-9B47-5EF13860AF42}.Release|x64.ActiveCfg = Release|Any CPU
		{35E72E2C-DE58-4ED7-9B47-5EF13860AF42}.Release|x64.Build.0 = Release|Any CPU
		{35E72E2C-DE58-4ED7-9B47-5EF13860AF42}.Release|x86.ActiveCfg = Release|x86
		{35E72E2C-DE58-4ED7-9B47-5EF13860AF42}.Release|x86.Build.0 = Release|x86
		{D58769FA-E008-4016-A81C-A85C606B3691}.Debug|Any CPU.ActiveCfg = Debug|Any CPU
		{D58769FA-E008-4016-A81C-A85C606B3691}.Debug|Any CPU.Build.0 = Debug|Any CPU
		{D58769FA-E008-4016-A81C-A85C606B3691}.Debug|x64.ActiveCfg = Debug|Any CPU
		{D58769FA-E008-4016-A81C-A85C606B3691}.Debug|x64.Build.0 = Debug|Any CPU
		{D58769FA-E008-4016-A81C-A85C606B3691}.Debug|x86.ActiveCfg = Debug|Any CPU
		{D58769FA-E008-4016-A81C-A85C606B3691}.Debug|x86.Build.0 = Debug|Any CPU
		{D58769FA-E008-4016-A81C-A85C606B3691}.Release|Any CPU.ActiveCfg = Release|Any CPU
		{D58769FA-E008-4016-A81C-A85C606B3691}.Release|Any CPU.Build.0 = Release|Any CPU
		{D58769FA-E008-4016-A81C-A85C606B3691}.Release|x64.ActiveCfg = Release|Any CPU
		{D58769FA-E008-4016-A81C-A85C606B3691}.Release|x64.Build.0 = Release|Any CPU
		{D58769FA-E008-4016-A81C-A85C606B3691}.Release|x86.ActiveCfg = Release|x86
		{D58769FA-E008-4016-A81C-A85C606B3691}.Release|x86.Build.0 = Release|x86
	EndGlobalSection
	GlobalSection(SolutionProperties) = preSolution
		HideSolutionNode = FALSE
	EndGlobalSection
EndGlobal
